
Microsoft Visual Studio Solution File, Format Version 12.00
# Visual Studio 2012
Project("{FAE04EC0-301F-11D3-BF4B-00C04F79EFBC}") = "PortfolioSite-Class", "PortfolioSite-Class\PortfolioSite-Class.csproj", "{DBAC2696-04B5-4542-84DD-BF2407472DE6}"
EndProject
Global
	GlobalSection(SolutionConfigurationPlatforms) = preSolution
		Debug|Any CPU = Debug|Any CPU
		Release|Any CPU = Release|Any CPU
	EndGlobalSection
	GlobalSection(ProjectConfigurationPlatforms) = postSolution
		{DBAC2696-04B5-4542-84DD-BF2407472DE6}.Debug|Any CPU.ActiveCfg = Debug|Any CPU
		{DBAC2696-04B5-4542-84DD-BF2407472DE6}.Debug|Any CPU.Build.0 = Debug|Any CPU
		{DBAC2696-04B5-4542-84DD-BF2407472DE6}.Release|Any CPU.ActiveCfg = Release|Any CPU
		{DBAC2696-04B5-4542-84DD-BF2407472DE6}.Release|Any CPU.Build.0 = Release|Any CPU
	EndGlobalSection
	GlobalSection(SolutionProperties) = preSolution
		HideSolutionNode = FALSE
	EndGlobalSection
EndGlobal
